
Microsoft Visual Studio Solution File, Format Version 12.00
Project("{FAE04EC0-301F-11D3-BF4B-00C04F79EFBC}") = "API", "API\API.csproj", "{6F5E80D8-8739-4188-9C72-3E564FD949CF}"
EndProject
Global
	GlobalSection(SolutionConfigurationPlatforms) = preSolution
		Debug|Any CPU = Debug|Any CPU
		Release|Any CPU = Release|Any CPU
	EndGlobalSection
	GlobalSection(ProjectConfigurationPlatforms) = postSolution
		{6F5E80D8-8739-4188-9C72-3E564FD949CF}.Debug|Any CPU.ActiveCfg = Debug|Any CPU
		{6F5E80D8-8739-4188-9C72-3E564FD949CF}.Debug|Any CPU.Build.0 = Debug|Any CPU
		{6F5E80D8-8739-4188-9C72-3E564FD949CF}.Release|Any CPU.ActiveCfg = Release|Any CPU
		{6F5E80D8-8739-4188-9C72-3E564FD949CF}.Release|Any CPU.Build.0 = Release|Any CPU
	EndGlobalSection
EndGlobal
